### YamlMime:Tutorial
title: Code block
metadata:
    title: Code block
    description: Docs validation - code block.
    audience: test
    level: Beginner
items:   
    - durationInMinutes: 1
      title: Sign in
      content: |-
        testing unsuppoted language

        ```nonexist
        az login
        ```

        testing unsupported language in yml file 
 
    - durationInMinutes: 2
      title: testing1
      content: |-
        testing indented

        ```csharp
              indented
        ```

        testing indented in yml file
